
Microsoft Visual Studio Solution File, Format Version 12.00
# Visual Studio Version 17
VisualStudioVersion = 17.9.34607.119
MinimumVisualStudioVersion = 10.0.40219.1
Project("{9A19103F-16F7-4668-BE54-9A1E7A4F7556}") = "Excel_Reader", "Excel_Reader.csproj", "{047A9EAE-0613-45F3-82C5-ECB02291DA6E}"
EndProject
Global
	GlobalSection(SolutionConfigurationPlatforms) = preSolution
		Debug|Any CPU = Debug|Any CPU
		Release|Any CPU = Release|Any CPU
	EndGlobalSection
	GlobalSection(ProjectConfigurationPlatforms) = postSolution
		{047A9EAE-0613-45F3-82C5-ECB02291DA6E}.Debug|Any CPU.ActiveCfg = Debug|Any CPU
		{047A9EAE-0613-45F3-82C5-ECB02291DA6E}.Debug|Any CPU.Build.0 = Debug|Any CPU
		{047A9EAE-0613-45F3-82C5-ECB02291DA6E}.Release|Any CPU.ActiveCfg = Release|Any CPU
		{047A9EAE-0613-45F3-82C5-ECB02291DA6E}.Release|Any CPU.Build.0 = Release|Any CPU
	EndGlobalSection
	GlobalSection(SolutionProperties) = preSolution
		HideSolutionNode = FALSE
	EndGlobalSection
	GlobalSection(ExtensibilityGlobals) = postSolution
		SolutionGuid = {197DDBAC-EF17-4178-9A70-0B04F3E4A725}
	EndGlobalSection
EndGlobal
